Microsoft Visual Studio Solution File, Format Version 12.00
# Visual Studio Version 17
VisualStudioVersion = 17.5.2.0
MinimumVisualStudioVersion = 10.0.40219.1
Project("{FAE04EC0-301F-11D3-BF4B-00C04F79EFBC}") = "Streaming", "Streaming.csproj", "{B7D63A76-97D6-32E4-6013-EA9AE354D2BA}"
EndProject
Global
	GlobalSection(SolutionConfigurationPlatforms) = preSolution
		Debug|Any CPU = Debug|Any CPU
		Release|Any CPU = Release|Any CPU
	EndGlobalSection
	GlobalSection(ProjectConfigurationPlatforms) = postSolution
		{B7D63A76-97D6-32E4-6013-EA9AE354D2BA}.Debug|Any CPU.ActiveCfg = Debug|Any CPU
		{B7D63A76-97D6-32E4-6013-EA9AE354D2BA}.Debug|Any CPU.Build.0 = Debug|Any CPU
		{B7D63A76-97D6-32E4-6013-EA9AE354D2BA}.Release|Any CPU.ActiveCfg = Release|Any CPU
		{B7D63A76-97D6-32E4-6013-EA9AE354D2BA}.Release|Any CPU.Build.0 = Release|Any CPU
	EndGlobalSection
	GlobalSection(SolutionProperties) = preSolution
		HideSolutionNode = FALSE
	EndGlobalSection
	GlobalSection(ExtensibilityGlobals) = postSolution
		SolutionGuid = {86AC979F-8435-411F-8026-EB402A79F12A}
	EndGlobalSection
EndGlobal
